
Microsoft Visual Studio Solution File, Format Version 12.00
# Visual Studio Version 17
VisualStudioVersion = 17.0.31903.59
MinimumVisualStudioVersion = 10.0.40219.1
Project("{9A19103F-16F7-4668-BE54-9A1E7A4F7556}") = "Movies.API", "Movies.API\Movies.API.csproj", "{EBAFB43A-BE9F-486F-8F40-F921E631E693}"
EndProject
Project("{FAE04EC0-301F-11D3-BF4B-00C04F79EFBC}") = "IdentityServer", "IdentityServer\IdentityServer.csproj", "{44D49F0A-657D-4A4C-9636-B614C17F6DB2}"
EndProject
Global
	GlobalSection(SolutionConfigurationPlatforms) = preSolution
		Debug|Any CPU = Debug|Any CPU
		Release|Any CPU = Release|Any CPU
	EndGlobalSection
	GlobalSection(ProjectConfigurationPlatforms) = postSolution
		{EBAFB43A-BE9F-486F-8F40-F921E631E693}.Debug|Any CPU.ActiveCfg = Debug|Any CPU
		{EBAFB43A-BE9F-486F-8F40-F921E631E693}.Debug|Any CPU.Build.0 = Debug|Any CPU
		{EBAFB43A-BE9F-486F-8F40-F921E631E693}.Release|Any CPU.ActiveCfg = Release|Any CPU
		{EBAFB43A-BE9F-486F-8F40-F921E631E693}.Release|Any CPU.Build.0 = Release|Any CPU
		{44D49F0A-657D-4A4C-9636-B614C17F6DB2}.Debug|Any CPU.ActiveCfg = Debug|Any CPU
		{44D49F0A-657D-4A4C-9636-B614C17F6DB2}.Debug|Any CPU.Build.0 = Debug|Any CPU
		{44D49F0A-657D-4A4C-9636-B614C17F6DB2}.Release|Any CPU.ActiveCfg = Release|Any CPU
		{44D49F0A-657D-4A4C-9636-B614C17F6DB2}.Release|Any CPU.Build.0 = Release|Any CPU
	EndGlobalSection
	GlobalSection(SolutionProperties) = preSolution
		HideSolutionNode = FALSE
	EndGlobalSection
	GlobalSection(ExtensibilityGlobals) = postSolution
		SolutionGuid = {1F710F0C-EDC0-449E-880C-BAEC14BC16B5}
	EndGlobalSection
EndGlobal
